
Microsoft Visual Studio Solution File, Format Version 12.00
# Visual Studio 2013
VisualStudioVersion = 12.0.30723.0
MinimumVisualStudioVersion = 10.0.40219.1
Project("{FAE04EC0-301F-11D3-BF4B-00C04F79EFBC}") = "NuGetCalc", "NuGetCalc\NuGetCalc.csproj", "{3F0A1E8A-B54D-4689-9964-11B89F6B1884}"
EndProject
Project("{2150E333-8FDC-42A3-9474-1A3956D46DE8}") = "NuGet", "NuGet", "{C245B016-2D45-401E-8EBC-3DB4B9771FFF}"
EndProject
Project("{FAE04EC0-301F-11D3-BF4B-00C04F79EFBC}") = "Core", "NuGet\src\Core\Core.csproj", "{F879F274-EFA0-4157-8404-33A19B4E6AEC}"
EndProject
Project("{FAE04EC0-301F-11D3-BF4B-00C04F79EFBC}") = "VisualStudioResources", "NuGet\src\VisualStudioResources\VisualStudioResources.csproj", "{211C558C-1712-44E9-A959-FE2D2AA1DE34}"
EndProject
Global
	GlobalSection(SolutionConfigurationPlatforms) = preSolution
		Coverage|Any CPU = Coverage|Any CPU
		Debug|Any CPU = Debug|Any CPU
		Mono Debug|Any CPU = Mono Debug|Any CPU
		Mono Release|Any CPU = Mono Release|Any CPU
		Release|Any CPU = Release|Any CPU
	EndGlobalSection
	GlobalSection(ProjectConfigurationPlatforms) = postSolution
		{3F0A1E8A-B54D-4689-9964-11B89F6B1884}.Coverage|Any CPU.ActiveCfg = Release|Any CPU
		{3F0A1E8A-B54D-4689-9964-11B89F6B1884}.Coverage|Any CPU.Build.0 = Release|Any CPU
		{3F0A1E8A-B54D-4689-9964-11B89F6B1884}.Debug|Any CPU.ActiveCfg = Debug|Any CPU
		{3F0A1E8A-B54D-4689-9964-11B89F6B1884}.Debug|Any CPU.Build.0 = Debug|Any CPU
		{3F0A1E8A-B54D-4689-9964-11B89F6B1884}.Mono Debug|Any CPU.ActiveCfg = Debug|Any CPU
		{3F0A1E8A-B54D-4689-9964-11B89F6B1884}.Mono Debug|Any CPU.Build.0 = Debug|Any CPU
		{3F0A1E8A-B54D-4689-9964-11B89F6B1884}.Mono Release|Any CPU.ActiveCfg = Release|Any CPU
		{3F0A1E8A-B54D-4689-9964-11B89F6B1884}.Mono Release|Any CPU.Build.0 = Release|Any CPU
		{3F0A1E8A-B54D-4689-9964-11B89F6B1884}.Release|Any CPU.ActiveCfg = Release|Any CPU
		{3F0A1E8A-B54D-4689-9964-11B89F6B1884}.Release|Any CPU.Build.0 = Release|Any CPU
		{F879F274-EFA0-4157-8404-33A19B4E6AEC}.Coverage|Any CPU.ActiveCfg = Coverage|Any CPU
		{F879F274-EFA0-4157-8404-33A19B4E6AEC}.Coverage|Any CPU.Build.0 = Coverage|Any CPU
		{F879F274-EFA0-4157-8404-33A19B4E6AEC}.Debug|Any CPU.ActiveCfg = Debug|Any CPU
		{F879F274-EFA0-4157-8404-33A19B4E6AEC}.Debug|Any CPU.Build.0 = Debug|Any CPU
		{F879F274-EFA0-4157-8404-33A19B4E6AEC}.Mono Debug|Any CPU.ActiveCfg = Mono Debug|Any CPU
		{F879F274-EFA0-4157-8404-33A19B4E6AEC}.Mono Debug|Any CPU.Build.0 = Mono Debug|Any CPU
		{F879F274-EFA0-4157-8404-33A19B4E6AEC}.Mono Release|Any CPU.ActiveCfg = Mono Release|Any CPU
		{F879F274-EFA0-4157-8404-33A19B4E6AEC}.Mono Release|Any CPU.Build.0 = Mono Release|Any CPU
		{F879F274-EFA0-4157-8404-33A19B4E6AEC}.Release|Any CPU.ActiveCfg = Release|Any CPU
		{F879F274-EFA0-4157-8404-33A19B4E6AEC}.Release|Any CPU.Build.0 = Release|Any CPU
		{211C558C-1712-44E9-A959-FE2D2AA1DE34}.Coverage|Any CPU.ActiveCfg = Coverage|Any CPU
		{211C558C-1712-44E9-A959-FE2D2AA1DE34}.Coverage|Any CPU.Build.0 = Coverage|Any CPU
		{211C558C-1712-44E9-A959-FE2D2AA1DE34}.Debug|Any CPU.ActiveCfg = Debug|Any CPU
		{211C558C-1712-44E9-A959-FE2D2AA1DE34}.Debug|Any CPU.Build.0 = Debug|Any CPU
		{211C558C-1712-44E9-A959-FE2D2AA1DE34}.Mono Debug|Any CPU.ActiveCfg = Mono Debug|Any CPU
		{211C558C-1712-44E9-A959-FE2D2AA1DE34}.Mono Debug|Any CPU.Build.0 = Mono Debug|Any CPU
		{211C558C-1712-44E9-A959-FE2D2AA1DE34}.Mono Release|Any CPU.ActiveCfg = Mono Release|Any CPU
		{211C558C-1712-44E9-A959-FE2D2AA1DE34}.Mono Release|Any CPU.Build.0 = Mono Release|Any CPU
		{211C558C-1712-44E9-A959-FE2D2AA1DE34}.Release|Any CPU.ActiveCfg = Release|Any CPU
		{211C558C-1712-44E9-A959-FE2D2AA1DE34}.Release|Any CPU.Build.0 = Release|Any CPU
	EndGlobalSection
	GlobalSection(SolutionProperties) = preSolution
		HideSolutionNode = FALSE
	EndGlobalSection
	GlobalSection(NestedProjects) = preSolution
		{F879F274-EFA0-4157-8404-33A19B4E6AEC} = {C245B016-2D45-401E-8EBC-3DB4B9771FFF}
		{211C558C-1712-44E9-A959-FE2D2AA1DE34} = {C245B016-2D45-401E-8EBC-3DB4B9771FFF}
	EndGlobalSection
EndGlobal
