
Microsoft Visual Studio Solution File, Format Version 12.00
# Visual Studio 14
VisualStudioVersion = 14.0.22310.1
MinimumVisualStudioVersion = 10.0.40219.1
Project("{2150E333-8FDC-42A3-9474-1A3956D46DE8}") = ".nuget", ".nuget", "{36DD9794-275F-404A-BC1A-061246A50C9D}"
	ProjectSection(SolutionItems) = preProject
		.nuget\NuGet.Config = .nuget\NuGet.Config
		.nuget\NuGet.exe = .nuget\NuGet.exe
		.nuget\NuGet.targets = .nuget\NuGet.targets
	EndProjectSection
EndProject
Project("{F2A71F9B-5D33-465A-A702-920D77279786}") = "NuGetCalc", "NuGetCalc\NuGetCalc.fsproj", "{FC9A5626-2F33-4C52-A859-3BC69AD33C5D}"
EndProject
Global
	GlobalSection(SolutionConfigurationPlatforms) = preSolution
		Coverage|Any CPU = Coverage|Any CPU
		Debug|Any CPU = Debug|Any CPU
		Mono Debug|Any CPU = Mono Debug|Any CPU
		Mono Release|Any CPU = Mono Release|Any CPU
		Release|Any CPU = Release|Any CPU
	EndGlobalSection
	GlobalSection(ProjectConfigurationPlatforms) = postSolution
		{FC9A5626-2F33-4C52-A859-3BC69AD33C5D}.Coverage|Any CPU.ActiveCfg = Release|Any CPU
		{FC9A5626-2F33-4C52-A859-3BC69AD33C5D}.Coverage|Any CPU.Build.0 = Release|Any CPU
		{FC9A5626-2F33-4C52-A859-3BC69AD33C5D}.Debug|Any CPU.ActiveCfg = Debug|Any CPU
		{FC9A5626-2F33-4C52-A859-3BC69AD33C5D}.Debug|Any CPU.Build.0 = Debug|Any CPU
		{FC9A5626-2F33-4C52-A859-3BC69AD33C5D}.Mono Debug|Any CPU.ActiveCfg = Debug|Any CPU
		{FC9A5626-2F33-4C52-A859-3BC69AD33C5D}.Mono Debug|Any CPU.Build.0 = Debug|Any CPU
		{FC9A5626-2F33-4C52-A859-3BC69AD33C5D}.Mono Release|Any CPU.ActiveCfg = Release|Any CPU
		{FC9A5626-2F33-4C52-A859-3BC69AD33C5D}.Mono Release|Any CPU.Build.0 = Release|Any CPU
		{FC9A5626-2F33-4C52-A859-3BC69AD33C5D}.Release|Any CPU.ActiveCfg = Release|Any CPU
		{FC9A5626-2F33-4C52-A859-3BC69AD33C5D}.Release|Any CPU.Build.0 = Release|Any CPU
	EndGlobalSection
	GlobalSection(SolutionProperties) = preSolution
		HideSolutionNode = FALSE
	EndGlobalSection
EndGlobal
